// !$*UTF8*$!
{
	archiveVersion = 1;
	classes = {
	};
	objectVersion = 55;
	objects = {

/* Begin PBXBuildFile section */
		1F95811828A2DF7000A3F192 /* AppDelegate.m in Sources */ = {isa = PBXBuildFile; fileRef = 1F95811728A2DF7000A3F192 /* AppDelegate.m */; };
		1F95811D28A2DF7100A3F192 /* Assets.xcassets in Resources */ = {isa = PBXBuildFile; fileRef = 1F95811C28A2DF7100A3F192 /* Assets.xcassets */; };
		1F95812028A2DF7100A3F192 /* Main.storyboard in Resources */ = {isa = PBXBuildFile; fileRef = 1F95811E28A2DF7100A3F192 /* Main.storyboard */; };
		1F95812228A2DF7100A3F192 /* main.m in Sources */ = {isa = PBXBuildFile; fileRef = 1F95812128A2DF7100A3F192 /* main.m */; };
		1F95812F28A2E17800A3F192 /* CustomScrollView.m in Sources */ = {isa = PBXBuildFile; fileRef = 1F95812928A2E17800A3F192 /* CustomScrollView.m */; };
		1F95813028A2E17800A3F192 /* CustomClipView.m in Sources */ = {isa = PBXBuildFile; fileRef = 1F95812C28A2E17800A3F192 /* CustomClipView.m */; };
		1F95813128A2E17800A3F192 /* CustomTextView.m in Sources */ = {isa = PBXBuildFile; fileRef = 1F95812D28A2E17800A3F192 /* CustomTextView.m */; };
		1F95813428A2E1C800A3F192 /* ViewController.m in Sources */ = {isa = PBXBuildFile; fileRef = 1F95813228A2E1C800A3F192 /* ViewController.m */; };
/* End PBXBuildFile section */

/* Begin PBXFileReference section */
		1F95811328A2DF7000A3F192 /* DisabledScrollingTextViewExample.app */ = {isa = PBXFileReference; explicitFileType = wrapper.application; includeInIndex = 0; path = DisabledScrollingTextViewExample.app; sourceTree = BUILT_PRODUCTS_DIR; };
		1F95811628A2DF7000A3F192 /* AppDelegate.h */ = {isa = PBXFileReference; lastKnownFileType = sourcecode.c.h; path = AppDelegate.h; sourceTree = "<group>"; };
		1F95811728A2DF7000A3F192 /* AppDelegate.m */ = {isa = PBXFileReference; lastKnownFileType = sourcecode.c.objc; path = AppDelegate.m; sourceTree = "<group>"; };
		1F95811C28A2DF7100A3F192 /* Assets.xcassets */ = {isa = PBXFileReference; lastKnownFileType = folder.assetcatalog; path = Assets.xcassets; sourceTree = "<group>"; };
		1F95811F28A2DF7100A3F192 /* Base */ = {isa = PBXFileReference; lastKnownFileType = file.storyboard; name = Base; path = Base.lproj/Main.storyboard; sourceTree = "<group>"; };
		1F95812128A2DF7100A3F192 /* main.m */ = {isa = PBXFileReference; lastKnownFileType = sourcecode.c.objc; path = main.m; sourceTree = "<group>"; };
		1F95812328A2DF7100A3F192 /* DisabledScrollingTextViewExample.entitlements */ = {isa = PBXFileReference; lastKnownFileType = text.plist.entitlements; path = DisabledScrollingTextViewExample.entitlements; sourceTree = "<group>"; };
		1F95812928A2E17800A3F192 /* CustomScrollView.m */ = {isa = PBXFileReference; fileEncoding = 4; lastKnownFileType = sourcecode.c.objc; path = CustomScrollView.m; sourceTree = "<group>"; };
		1F95812A28A2E17800A3F192 /* CustomScrollView.h */ = {isa = PBXFileReference; fileEncoding = 4; lastKnownFileType = sourcecode.c.h; path = CustomScrollView.h; sourceTree = "<group>"; };
		1F95812B28A2E17800A3F192 /* CustomClipView.h */ = {isa = PBXFileReference; fileEncoding = 4; lastKnownFileType = sourcecode.c.h; path = CustomClipView.h; sourceTree = "<group>"; };
		1F95812C28A2E17800A3F192 /* CustomClipView.m */ = {isa = PBXFileReference; fileEncoding = 4; lastKnownFileType = sourcecode.c.objc; path = CustomClipView.m; sourceTree = "<group>"; };
		1F95812D28A2E17800A3F192 /* CustomTextView.m */ = {isa = PBXFileReference; fileEncoding = 4; lastKnownFileType = sourcecode.c.objc; path = CustomTextView.m; sourceTree = "<group>"; };
		1F95812E28A2E17800A3F192 /* CustomTextView.h */ = {isa = PBXFileReference; fileEncoding = 4; lastKnownFileType = sourcecode.c.h; path = CustomTextView.h; sourceTree = "<group>"; };
		1F95813228A2E1C800A3F192 /* ViewController.m */ = {isa = PBXFileReference; fileEncoding = 4; lastKnownFileType = sourcecode.c.objc; path = ViewController.m; sourceTree = "<group>"; };
		1F95813328A2E1C800A3F192 /* ViewController.h */ = {isa = PBXFileReference; fileEncoding = 4; lastKnownFileType = sourcecode.c.h; path = ViewController.h; sourceTree = "<group>"; };
/* End PBXFileReference section */

/* Begin PBXFrameworksBuildPhase section */
		1F95811028A2DF7000A3F192 /* Frameworks */ = {
			isa = PBXFrameworksBuildPhase;
			buildActionMask = 2147483647;
			files = (
			);
			runOnlyForDeploymentPostprocessing = 0;
		};
/* End PBXFrameworksBuildPhase section */

/* Begin PBXGroup section */
		1F95810A28A2DF7000A3F192 = {
			isa = PBXGroup;
			children = (
				1F95811528A2DF7000A3F192 /* DisabledScrollingTextViewExample */,
				1F95811428A2DF7000A3F192 /* Products */,
			);
			sourceTree = "<group>";
		};
		1F95811428A2DF7000A3F192 /* Products */ = {
			isa = PBXGroup;
			children = (
				1F95811328A2DF7000A3F192 /* DisabledScrollingTextViewExample.app */,
			);
			name = Products;
			sourceTree = "<group>";
		};
		1F95811528A2DF7000A3F192 /* DisabledScrollingTextViewExample */ = {
			isa = PBXGroup;
			children = (
				1F95811628A2DF7000A3F192 /* AppDelegate.h */,
				1F95811728A2DF7000A3F192 /* AppDelegate.m */,
				1F95813328A2E1C800A3F192 /* ViewController.h */,
				1F95813228A2E1C800A3F192 /* ViewController.m */,
				1F95812B28A2E17800A3F192 /* CustomClipView.h */,
				1F95812C28A2E17800A3F192 /* CustomClipView.m */,
				1F95812A28A2E17800A3F192 /* CustomScrollView.h */,
				1F95812928A2E17800A3F192 /* CustomScrollView.m */,
				1F95812E28A2E17800A3F192 /* CustomTextView.h */,
				1F95812D28A2E17800A3F192 /* CustomTextView.m */,
				1F95811C28A2DF7100A3F192 /* Assets.xcassets */,
				1F95811E28A2DF7100A3F192 /* Main.storyboard */,
				1F95812128A2DF7100A3F192 /* main.m */,
				1F95812328A2DF7100A3F192 /* DisabledScrollingTextViewExample.entitlements */,
			);
			path = DisabledScrollingTextViewExample;
			sourceTree = "<group>";
		};
/* End PBXGroup section */

/* Begin PBXNativeTarget section */
		1F95811228A2DF7000A3F192 /* DisabledScrollingTextViewExample */ = {
			isa = PBXNativeTarget;
			buildConfigurationList = 1F95812628A2DF7100A3F192 /* Build configuration list for PBXNativeTarget "DisabledScrollingTextViewExample" */;
			buildPhases = (
				1F95810F28A2DF7000A3F192 /* Sources */,
				1F95811028A2DF7000A3F192 /* Frameworks */,
				1F95811128A2DF7000A3F192 /* Resources */,
			);
			buildRules = (
			);
			dependencies = (
			);
			name = DisabledScrollingTextViewExample;
			productName = DisabledScrollingTextViewExample;
			productReference = 1F95811328A2DF7000A3F192 /* DisabledScrollingTextViewExample.app */;
			productType = "com.apple.product-type.application";
		};
/* End PBXNativeTarget section */

/* Begin PBXProject section */
		1F95810B28A2DF7000A3F192 /* Project object */ = {
			isa = PBXProject;
			attributes = {
				BuildIndependentTargetsInParallel = 1;
				LastUpgradeCheck = 1340;
				TargetAttributes = {
					1F95811228A2DF7000A3F192 = {
						CreatedOnToolsVersion = 13.4;
					};
				};
			};
			buildConfigurationList = 1F95810E28A2DF7000A3F192 /* Build configuration list for PBXProject "DisabledScrollingTextViewExample" */;
			compatibilityVersion = "Xcode 13.0";
			developmentRegion = en;
			hasScannedForEncodings = 0;
			knownRegions = (
				en,
				Base,
			);
			mainGroup = 1F95810A28A2DF7000A3F192;
			productRefGroup = 1F95811428A2DF7000A3F192 /* Products */;
			projectDirPath = "";
			projectRoot = "";
			targets = (
				1F95811228A2DF7000A3F192 /* DisabledScrollingTextViewExample */,
			);
		};
/* End PBXProject section */

/* Begin PBXResourcesBuildPhase section */
		1F95811128A2DF7000A3F192 /* Resources */ = {
			isa = PBXResourcesBuildPhase;
			buildActionMask = 2147483647;
			files = (
				1F95811D28A2DF7100A3F192 /* Assets.xcassets in Resources */,
				1F95812028A2DF7100A3F192 /* Main.storyboard in Resources */,
			);
			runOnlyForDeploymentPostprocessing = 0;
		};
/* End PBXResourcesBuildPhase section */

/* Begin PBXSourcesBuildPhase section */
		1F95810F28A2DF7000A3F192 /* Sources */ = {
			isa = PBXSourcesBuildPhase;
			buildActionMask = 2147483647;
			files = (
				1F95813428A2E1C800A3F192 /* ViewController.m in Sources */,
				1F95813028A2E17800A3F192 /* CustomClipView.m in Sources */,
				1F95813128A2E17800A3F192 /* CustomTextView.m in Sources */,
				1F95812228A2DF7100A3F192 /* main.m in Sources */,
				1F95812F28A2E17800A3F192 /* CustomScrollView.m in Sources */,
				1F95811828A2DF7000A3F192 /* AppDelegate.m in Sources */,
			);
			runOnlyForDeploymentPostprocessing = 0;
		};
/* End PBXSourcesBuildPhase section */

/* Begin PBXVariantGroup section */
		1F95811E28A2DF7100A3F192 /* Main.storyboard */ = {
			isa = PBXVariantGroup;
			children = (
				1F95811F28A2DF7100A3F192 /* Base */,
			);
			name = Main.storyboard;
			sourceTree = "<group>";
		};
/* End PBXVariantGroup section */

/* Begin XCBuildConfiguration section */
		1F95812428A2DF7100A3F192 /* Debug */ = {
			isa = XCBuildConfiguration;
			buildSettings = {
				ALWAYS_SEARCH_USER_PATHS = NO;
				CLANG_ANALYZER_NONNULL = YES;
				CLANG_ANALYZER_NUMBER_OBJECT_CONVERSION = YES_AGGRESSIVE;
				CLANG_CXX_LANGUAGE_STANDARD = "gnu++17";
				CLANG_ENABLE_MODULES = YES;
				CLANG_ENABLE_OBJC_ARC = YES;
				CLANG_ENABLE_OBJC_WEAK = YES;
				CLANG_WARN_BLOCK_CAPTURE_AUTORELEASING = YES;
				CLANG_WARN_BOOL_CONVERSION = YES;
				CLANG_WARN_COMMA = YES;
				CLANG_WARN_CONSTANT_CONVERSION = YES;
				CLANG_WARN_DEPRECATED_OBJC_IMPLEMENTATIONS = YES;
				CLANG_WARN_DIRECT_OBJC_ISA_USAGE = YES_ERROR;
				CLANG_WARN_DOCUMENTATION_COMMENTS = YES;
				CLANG_WARN_EMPTY_BODY = YES;
				CLANG_WARN_ENUM_CONVERSION = YES;
				CLANG_WARN_INFINITE_RECURSION = YES;
				CLANG_WARN_INT_CONVERSION = YES;
				CLANG_WARN_NON_LITERAL_NULL_CONVERSION = YES;
				CLANG_WARN_OBJC_IMPLICIT_RETAIN_SELF = YES;
				CLANG_WARN_OBJC_LITERAL_CONVERSION = YES;
				CLANG_WARN_OBJC_ROOT_CLASS = YES_ERROR;
				CLANG_WARN_QUOTED_INCLUDE_IN_FRAMEWORK_HEADER = YES;
				CLANG_WARN_RANGE_LOOP_ANALYSIS = YES;
				CLANG_WARN_STRICT_PROTOTYPES = YES;
				CLANG_WARN_SUSPICIOUS_MOVE = YES;
				CLANG_WARN_UNGUARDED_AVAILABILITY = YES_AGGRESSIVE;
				CLANG_WARN_UNREACHABLE_CODE = YES;
				CLANG_WARN__DUPLICATE_METHOD_MATCH = YES;
				COPY_PHASE_STRIP = NO;
				DEBUG_INFORMATION_FORMAT = dwarf;
				ENABLE_STRICT_OBJC_MSGSEND = YES;
				ENABLE_TESTABILITY = YES;
				GCC_C_LANGUAGE_STANDARD = gnu11;
				GCC_DYNAMIC_NO_PIC = NO;
				GCC_NO_COMMON_BLOCKS = YES;
				GCC_OPTIMIZATION_LEVEL = 0;
				GCC_PREPROCESSOR_DEFINITIONS = (
					"DEBUG=1",
					"$(inherited)",
				);
				GCC_WARN_64_TO_32_BIT_CONVERSION = YES;
				GCC_WARN_ABOUT_RETURN_TYPE = YES_ERROR;
				GCC_WARN_UNDECLARED_SELECTOR = YES;
				GCC_WARN_UNINITIALIZED_AUTOS = YES_AGGRESSIVE;
				GCC_WARN_UNUSED_FUNCTION = YES;
				GCC_WARN_UNUSED_VARIABLE = YES;
				MACOSX_DEPLOYMENT_TARGET = 12.3;
				MTL_ENABLE_DEBUG_INFO = INCLUDE_SOURCE;
				MTL_FAST_MATH = YES;
				ONLY_ACTIVE_ARCH = YES;
				SDKROOT = macosx;
			};
			name = Debug;
		};
		1F95812528A2DF7100A3F192 /* Release */ = {
			isa = XCBuildConfiguration;
			buildSettings = {
				ALWAYS_SEARCH_USER_PATHS = NO;
				CLANG_ANALYZER_NONNULL = YES;
				CLANG_ANALYZER_NUMBER_OBJECT_CONVERSION = YES_AGGRESSIVE;
				CLANG_CXX_LANGUAGE_STANDARD = "gnu++17";
				CLANG_ENABLE_MODULES = YES;
				CLANG_ENABLE_OBJC_ARC = YES;
				CLANG_ENABLE_OBJC_WEAK = YES;
				CLANG_WARN_BLOCK_CAPTURE_AUTORELEASING = YES;
				CLANG_WARN_BOOL_CONVERSION = YES;
				CLANG_WARN_COMMA = YES;
				CLANG_WARN_CONSTANT_CONVERSION = YES;
				CLANG_WARN_DEPRECATED_OBJC_IMPLEMENTATIONS = YES;
				CLANG_WARN_DIRECT_OBJC_ISA_USAGE = YES_ERROR;
				CLANG_WARN_DOCUMENTATION_COMMENTS = YES;
				CLANG_WARN_EMPTY_BODY = YES;
				CLANG_WARN_ENUM_CONVERSION = YES;
				CLANG_WARN_INFINITE_RECURSION = YES;
				CLANG_WARN_INT_CONVERSION = YES;
				CLANG_WARN_NON_LITERAL_NULL_CONVERSION = YES;
				CLANG_WARN_OBJC_IMPLICIT_RETAIN_SELF = YES;
				CLANG_WARN_OBJC_LITERAL_CONVERSION = YES;
				CLANG_WARN_OBJC_ROOT_CLASS = YES_ERROR;
				CLANG_WARN_QUOTED_INCLUDE_IN_FRAMEWORK_HEADER = YES;
				CLANG_WARN_RANGE_LOOP_ANALYSIS = YES;
				CLANG_WARN_STRICT_PROTOTYPES = YES;
				CLANG_WARN_SUSPICIOUS_MOVE = YES;
				CLANG_WARN_UNGUARDED_AVAILABILITY = YES_AGGRESSIVE;
				CLANG_WARN_UNREACHABLE_CODE = YES;
				CLANG_WARN__DUPLICATE_METHOD_MATCH = YES;
				COPY_PHASE_STRIP = NO;
				DEBUG_INFORMATION_FORMAT = "dwarf-with-dsym";
				ENABLE_NS_ASSERTIONS = NO;
				ENABLE_STRICT_OBJC_MSGSEND = YES;
				GCC_C_LANGUAGE_STANDARD = gnu11;
				GCC_NO_COMMON_BLOCKS = YES;
				GCC_WARN_64_TO_32_BIT_CONVERSION = YES;
				GCC_WARN_ABOUT_RETURN_TYPE = YES_ERROR;
				GCC_WARN_UNDECLARED_SELECTOR = YES;
				GCC_WARN_UNINITIALIZED_AUTOS = YES_AGGRESSIVE;
				GCC_WARN_UNUSED_FUNCTION = YES;
				GCC_WARN_UNUSED_VARIABLE = YES;
				MACOSX_DEPLOYMENT_TARGET = 12.3;
				MTL_ENABLE_DEBUG_INFO = NO;
				MTL_FAST_MATH = YES;
				SDKROOT = macosx;
			};
			name = Release;
		};
		1F95812728A2DF7100A3F192 /* Debug */ = {
			isa = XCBuildConfiguration;
			buildSettings = {
				ASSETCATALOG_COMPILER_APPICON_NAME = AppIcon;
				ASSETCATALOG_COMPILER_GLOBAL_ACCENT_COLOR_NAME = AccentColor;
				CODE_SIGN_ENTITLEMENTS = DisabledScrollingTextViewExample/DisabledScrollingTextViewExample.entitlements;
				CODE_SIGN_STYLE = Automatic;
				COMBINE_HIDPI_IMAGES = YES;
				CURRENT_PROJECT_VERSION = 1;
				GENERATE_INFOPLIST_FILE = YES;
				INFOPLIST_KEY_NSHumanReadableCopyright = "";
				INFOPLIST_KEY_NSMainStoryboardFile = Main;
				INFOPLIST_KEY_NSPrincipalClass = NSApplication;
				LD_RUNPATH_SEARCH_PATHS = (
					"$(inherited)",
					"@executable_path/../Frameworks",
				);
				MARKETING_VERSION = 1.0;
				PRODUCT_BUNDLE_IDENTIFIER = shwanton.example.DisabledScrollingTextViewExample;
				PRODUCT_NAME = "$(TARGET_NAME)";
				SWIFT_EMIT_LOC_STRINGS = YES;
			};
			name = Debug;
		};
		1F95812828A2DF7100A3F192 /* Release */ = {
			isa = XCBuildConfiguration;
			buildSettings = {
				ASSETCATALOG_COMPILER_APPICON_NAME = AppIcon;
				ASSETCATALOG_COMPILER_GLOBAL_ACCENT_COLOR_NAME = AccentColor;
				CODE_SIGN_ENTITLEMENTS = DisabledScrollingTextViewExample/DisabledScrollingTextViewExample.entitlements;
				CODE_SIGN_STYLE = Automatic;
				COMBINE_HIDPI_IMAGES = YES;
				CURRENT_PROJECT_VERSION = 1;
				GENERATE_INFOPLIST_FILE = YES;
				INFOPLIST_KEY_NSHumanReadableCopyright = "";
				INFOPLIST_KEY_NSMainStoryboardFile = Main;
				INFOPLIST_KEY_NSPrincipalClass = NSApplication;
				LD_RUNPATH_SEARCH_PATHS = (
					"$(inherited)",
					"@executable_path/../Frameworks",
				);
				MARKETING_VERSION = 1.0;
				PRODUCT_BUNDLE_IDENTIFIER = shwanton.example.DisabledScrollingTextViewExample;
				PRODUCT_NAME = "$(TARGET_NAME)";
				SWIFT_EMIT_LOC_STRINGS = YES;
			};
			name = Release;
		};
/* End XCBuildConfiguration section */

/* Begin XCConfigurationList section */
		1F95810E28A2DF7000A3F192 /* Build configuration list for PBXProject "DisabledScrollingTextViewExample" */ = {
			isa = XCConfigurationList;
			buildConfigurations = (
				1F95812428A2DF7100A3F192 /* Debug */,
				1F95812528A2DF7100A3F192 /* Release */,
			);
			defaultConfigurationIsVisible = 0;
			defaultConfigurationName = Release;
		};
		1F95812628A2DF7100A3F192 /* Build configuration list for PBXNativeTarget "DisabledScrollingTextViewExample" */ = {
			isa = XCConfigurationList;
			buildConfigurations = (
				1F95812728A2DF7100A3F192 /* Debug */,
				1F95812828A2DF7100A3F192 /* Release */,
			);
			defaultConfigurationIsVisible = 0;
			defaultConfigurationName = Release;
		};
/* End XCConfigurationList section */
	};
	rootObject = 1F95810B28A2DF7000A3F192 /* Project object */;
}
